
Microsoft Visual Studio Solution File, Format Version 12.00
# Visual Studio Version 17
VisualStudioVersion = 17.5.33502.453
MinimumVisualStudioVersion = 10.0.40219.1
Project("{FAE04EC0-301F-11D3-BF4B-00C04F79EFBC}") = "SumSquareDifference", "SumSquareDifference\SumSquareDifference.csproj", "{5EF9D550-2E2F-4FF8-BBE6-57899551BCBC}"
EndProject
Project("{FAE04EC0-301F-11D3-BF4B-00C04F79EFBC}") = "SumSquareDifferenceTests", "SumSquareDifferenceTests\SumSquareDifferenceTests.csproj", "{08BF6EC9-FAA3-45D8-9CAF-2775F57AA02A}"
EndProject
Global
	GlobalSection(SolutionConfigurationPlatforms) = preSolution
		Debug|Any CPU = Debug|Any CPU
		Release|Any CPU = Release|Any CPU
	EndGlobalSection
	GlobalSection(ProjectConfigurationPlatforms) = postSolution
		{5EF9D550-2E2F-4FF8-BBE6-57899551BCBC}.Debug|Any CPU.ActiveCfg = Debug|Any CPU
		{5EF9D550-2E2F-4FF8-BBE6-57899551BCBC}.Debug|Any CPU.Build.0 = Debug|Any CPU
		{5EF9D550-2E2F-4FF8-BBE6-57899551BCBC}.Release|Any CPU.ActiveCfg = Release|Any CPU
		{5EF9D550-2E2F-4FF8-BBE6-57899551BCBC}.Release|Any CPU.Build.0 = Release|Any CPU
		{08BF6EC9-FAA3-45D8-9CAF-2775F57AA02A}.Debug|Any CPU.ActiveCfg = Debug|Any CPU
		{08BF6EC9-FAA3-45D8-9CAF-2775F57AA02A}.Debug|Any CPU.Build.0 = Debug|Any CPU
		{08BF6EC9-FAA3-45D8-9CAF-2775F57AA02A}.Release|Any CPU.ActiveCfg = Release|Any CPU
		{08BF6EC9-FAA3-45D8-9CAF-2775F57AA02A}.Release|Any CPU.Build.0 = Release|Any CPU
	EndGlobalSection
	GlobalSection(SolutionProperties) = preSolution
		HideSolutionNode = FALSE
	EndGlobalSection
	GlobalSection(ExtensibilityGlobals) = postSolution
		SolutionGuid = {BA2CC743-B3D9-4949-86E2-D0CB5BBC0C4F}
	EndGlobalSection
EndGlobal
